// !$*UTF8*$!
{
	archiveVersion = 1;
	classes = {
	};
	objectVersion = 77;
	objects = {

/* Begin PBXBuildFile section */
		2CC5E3C5E901EC86DC498EB0 /* Pods_test3Tests.framework in Frameworks */ = {isa = PBXBuildFile; fileRef = 485BBE6DBCBF86F253201A48 /* Pods_test3Tests.framework */; };
		4CE2857FE0A55D7001672316 /* Pods_test3_test3UITests.framework in Frameworks */ = {isa = PBXBuildFile; fileRef = 33FB94D820AD39DD8C34FAC3 /* Pods_test3_test3UITests.framework */; };
		9895FD2A78676F917485E6DE /* Pods_test3.framework in Frameworks */ = {isa = PBXBuildFile; fileRef = 2652A57F01355FF5B5ADC058 /* Pods_test3.framework */; };
		D375AFEE2F10F1620001FFA1 /* ArcticleRowView.swift in Sources */ = {isa = PBXBuildFile; fileRef = D375AFED2F10F1530001FFA1 /* ArcticleRowView.swift */; };
		D378B1F42F0FA3DE00CD4667 /* ArtcileListView.swift in Sources */ = {isa = PBXBuildFile; fileRef = D378B1F32F0F9FBB00CD4667 /* ArtcileListView.swift */; };
		D378B1F52F0FA3F000CD4667 /* title.swift in Sources */ = {isa = PBXBuildFile; fileRef = D378B1EF2F0F95CF00CD4667 /* title.swift */; };
		D378B1F62F0FA3F800CD4667 /* Article.swift in Sources */ = {isa = PBXBuildFile; fileRef = D378B1F02F0F965200CD4667 /* Article.swift */; };
		D378B1F72F0FA3FE00CD4667 /* ArticleViewModel.swift in Sources */ = {isa = PBXBuildFile; fileRef = D378B1F22F0F9A1300CD4667 /* ArticleViewModel.swift */; };
		D378B1FA2F0FA67000CD4667 /* test3App.swift in Sources */ = {isa = PBXBuildFile; fileRef = D378B1F82F0FA67000CD4667 /* test3App.swift */; };
		D3ACFC2D2F2C90E9002115C7 /* test.swift in Sources */ = {isa = PBXBuildFile; fileRef = D3ACFC2C2F2C90E6002115C7 /* test.swift */; };
		D3DF5D1D2F14A8CB00B115EF /* weatherView.swift in Sources */ = {isa = PBXBuildFile; fileRef = D3DF5D1C2F14A4FA00B115EF /* weatherView.swift */; };
		D3DF5D1E2F14A8D400B115EF /* WeatherService.swift in Sources */ = {isa = PBXBuildFile; fileRef = D3DF5D1A2F14A13800B115EF /* WeatherService.swift */; };
		D3DF5D1F2F14A8DA00B115EF /* weather.swift in Sources */ = {isa = PBXBuildFile; fileRef = D3DF5D1B2F14A35700B115EF /* weather.swift */; };
		D3DF5D202F14A8E000B115EF /* weatherLabModel.swift in Sources */ = {isa = PBXBuildFile; fileRef = D3DF5D192F14A0B900B115EF /* weatherLabModel.swift */; };
/* End PBXBuildFile section */

/* Begin PBXContainerItemProxy section */
		D378B1A02F0F94B700CD4667 /* PBXContainerItemProxy */ = {
			isa = PBXContainerItemProxy;
			containerPortal = D378B1872F0F94B600CD4667 /* Project object */;
			proxyType = 1;
			remoteGlobalIDString = D378B18E2F0F94B600CD4667;
			remoteInfo = test3;
		};
		D378B1AA2F0F94B700CD4667 /* PBXContainerItemProxy */ = {
			isa = PBXContainerItemProxy;
			containerPortal = D378B1872F0F94B600CD4667 /* Project object */;
			proxyType = 1;
			remoteGlobalIDString = D378B18E2F0F94B600CD4667;
			remoteInfo = test3;
		};
/* End PBXContainerItemProxy section */

/* Begin PBXFileReference section */
		2652A57F01355FF5B5ADC058 /* Pods_test3.framework */ = {isa = PBXFileReference; explicitFileType = wrapper.framework; includeInIndex = 0; path = Pods_test3.framework; sourceTree = BUILT_PRODUCTS_DIR; };
		33FB94D820AD39DD8C34FAC3 /* Pods_test3_test3UITests.framework */ = {isa = PBXFileReference; explicitFileType = wrapper.framework; includeInIndex = 0; path = Pods_test3_test3UITests.framework; sourceTree = BUILT_PRODUCTS_DIR; };
		37B0D8767B5557292DF25FCA /* Pods-test3.debug.xcconfig */ = {isa = PBXFileReference; includeInIndex = 1; lastKnownFileType = text.xcconfig; name = "Pods-test3.debug.xcconfig"; path = "Target Support Files/Pods-test3/Pods-test3.debug.xcconfig"; sourceTree = "<group>"; };
		485BBE6DBCBF86F253201A48 /* Pods_test3Tests.framework */ = {isa = PBXFileReference; explicitFileType = wrapper.framework; includeInIndex = 0; path = Pods_test3Tests.framework; sourceTree = BUILT_PRODUCTS_DIR; };
		972875EA6C156E4FFAAF64BD /* Pods-test3-test3UITests.release.xcconfig */ = {isa = PBXFileReference; includeInIndex = 1; lastKnownFileType = text.xcconfig; name = "Pods-test3-test3UITests.release.xcconfig"; path = "Target Support Files/Pods-test3-test3UITests/Pods-test3-test3UITests.release.xcconfig"; sourceTree = "<group>"; };
		98C3C81A6921763F541BB0AF /* Pods-test3-test3UITests.debug.xcconfig */ = {isa = PBXFileReference; includeInIndex = 1; lastKnownFileType = text.xcconfig; name = "Pods-test3-test3UITests.debug.xcconfig"; path = "Target Support Files/Pods-test3-test3UITests/Pods-test3-test3UITests.debug.xcconfig"; sourceTree = "<group>"; };
		B6F2E2A3610E42F3CA235C82 /* Pods-test3.release.xcconfig */ = {isa = PBXFileReference; includeInIndex = 1; lastKnownFileType = text.xcconfig; name = "Pods-test3.release.xcconfig"; path = "Target Support Files/Pods-test3/Pods-test3.release.xcconfig"; sourceTree = "<group>"; };
		BD0181FB1F1E5411CFB6CDA0 /* Pods-test3Tests.debug.xcconfig */ = {isa = PBXFileReference; includeInIndex = 1; lastKnownFileType = text.xcconfig; name = "Pods-test3Tests.debug.xcconfig"; path = "Target Support Files/Pods-test3Tests/Pods-test3Tests.debug.xcconfig"; sourceTree = "<group>"; };
		D0A257443CB5D227916300AD /* Pods-test3Tests.release.xcconfig */ = {isa = PBXFileReference; includeInIndex = 1; lastKnownFileType = text.xcconfig; name = "Pods-test3Tests.release.xcconfig"; path = "Target Support Files/Pods-test3Tests/Pods-test3Tests.release.xcconfig"; sourceTree = "<group>"; };
		D375AFED2F10F1530001FFA1 /* ArcticleRowView.swift */ = {isa = PBXFileReference; lastKnownFileType = sourcecode.swift; path = ArcticleRowView.swift; sourceTree = "<group>"; };
		D378B18F2F0F94B600CD4667 /* test3.app */ = {isa = PBXFileReference; explicitFileType = wrapper.application; includeInIndex = 0; path = test3.app; sourceTree = BUILT_PRODUCTS_DIR; };
		D378B19F2F0F94B700CD4667 /* test3Tests.xctest */ = {isa = PBXFileReference; explicitFileType = wrapper.cfbundle; includeInIndex = 0; path = test3Tests.xctest; sourceTree = BUILT_PRODUCTS_DIR; };
		D378B1A92F0F94B700CD4667 /* test3UITests.xctest */ = {isa = PBXFileReference; explicitFileType = wrapper.cfbundle; includeInIndex = 0; path = test3UITests.xctest; sourceTree = BUILT_PRODUCTS_DIR; };
		D378B1EF2F0F95CF00CD4667 /* title.swift */ = {isa = PBXFileReference; lastKnownFileType = sourcecode.swift; path = title.swift; sourceTree = "<group>"; };
		D378B1F02F0F965200CD4667 /* Article.swift */ = {isa = PBXFileReference; lastKnownFileType = sourcecode.swift; path = Article.swift; sourceTree = "<group>"; };
		D378B1F22F0F9A1300CD4667 /* ArticleViewModel.swift */ = {isa = PBXFileReference; lastKnownFileType = sourcecode.swift; path = ArticleViewModel.swift; sourceTree = "<group>"; };
		D378B1F32F0F9FBB00CD4667 /* ArtcileListView.swift */ = {isa = PBXFileReference; lastKnownFileType = sourcecode.swift; path = ArtcileListView.swift; sourceTree = "<group>"; };
		D378B1F82F0FA67000CD4667 /* test3App.swift */ = {isa = PBXFileReference; lastKnownFileType = sourcecode.swift; path = test3App.swift; sourceTree = "<group>"; };
		D3ACFC2C2F2C90E6002115C7 /* test.swift */ = {isa = PBXFileReference; lastKnownFileType = sourcecode.swift; path = test.swift; sourceTree = "<group>"; };
		D3DF5D192F14A0B900B115EF /* weatherLabModel.swift */ = {isa = PBXFileReference; lastKnownFileType = sourcecode.swift; path = weatherLabModel.swift; sourceTree = "<group>"; };
		D3DF5D1A2F14A13800B115EF /* WeatherService.swift */ = {isa = PBXFileReference; lastKnownFileType = sourcecode.swift; path = WeatherService.swift; sourceTree = "<group>"; };
		D3DF5D1B2F14A35700B115EF /* weather.swift */ = {isa = PBXFileReference; lastKnownFileType = sourcecode.swift; path = weather.swift; sourceTree = "<group>"; };
		D3DF5D1C2F14A4FA00B115EF /* weatherView.swift */ = {isa = PBXFileReference; lastKnownFileType = sourcecode.swift; path = weatherView.swift; sourceTree = "<group>"; };
/* End PBXFileReference section */

/* Begin PBXFileSystemSynchronizedRootGroup section */
		D378B1912F0F94B600CD4667 /* test3 */ = {
			isa = PBXFileSystemSynchronizedRootGroup;
			path = test3;
			sourceTree = "<group>";
		};
		D378B1A22F0F94B700CD4667 /* test3Tests */ = {
			isa = PBXFileSystemSynchronizedRootGroup;
			path = test3Tests;
			sourceTree = "<group>";
		};
		D378B1AC2F0F94B700CD4667 /* test3UITests */ = {
			isa = PBXFileSystemSynchronizedRootGroup;
			path = test3UITests;
			sourceTree = "<group>";
		};
/* End PBXFileSystemSynchronizedRootGroup section */

/* Begin PBXFrameworksBuildPhase section */
		D378B18C2F0F94B600CD4667 /* Frameworks */ = {
			isa = PBXFrameworksBuildPhase;
			buildActionMask = 2147483647;
			files = (
				9895FD2A78676F917485E6DE /* Pods_test3.framework in Frameworks */,
			);
			runOnlyForDeploymentPostprocessing = 0;
		};
		D378B19C2F0F94B700CD4667 /* Frameworks */ = {
			isa = PBXFrameworksBuildPhase;
			buildActionMask = 2147483647;
			files = (
				2CC5E3C5E901EC86DC498EB0 /* Pods_test3Tests.framework in Frameworks */,
			);
			runOnlyForDeploymentPostprocessing = 0;
		};
		D378B1A62F0F94B700CD4667 /* Frameworks */ = {
			isa = PBXFrameworksBuildPhase;
			buildActionMask = 2147483647;
			files = (
				4CE2857FE0A55D7001672316 /* Pods_test3_test3UITests.framework in Frameworks */,
			);
			runOnlyForDeploymentPostprocessing = 0;
		};
/* End PBXFrameworksBuildPhase section */

/* Begin PBXGroup section */
		BF3EA19EA7257C31A6C6DD95 /* Frameworks */ = {
			isa = PBXGroup;
			children = (
				2652A57F01355FF5B5ADC058 /* Pods_test3.framework */,
				33FB94D820AD39DD8C34FAC3 /* Pods_test3_test3UITests.framework */,
				485BBE6DBCBF86F253201A48 /* Pods_test3Tests.framework */,
			);
			name = Frameworks;
			sourceTree = "<group>";
		};
		C89EB78A3638CA969C53D2DC /* Pods */ = {
			isa = PBXGroup;
			children = (
				37B0D8767B5557292DF25FCA /* Pods-test3.debug.xcconfig */,
				B6F2E2A3610E42F3CA235C82 /* Pods-test3.release.xcconfig */,
				98C3C81A6921763F541BB0AF /* Pods-test3-test3UITests.debug.xcconfig */,
				972875EA6C156E4FFAAF64BD /* Pods-test3-test3UITests.release.xcconfig */,
				BD0181FB1F1E5411CFB6CDA0 /* Pods-test3Tests.debug.xcconfig */,
				D0A257443CB5D227916300AD /* Pods-test3Tests.release.xcconfig */,
			);
			path = Pods;
			sourceTree = "<group>";
		};
		D378B1862F0F94B600CD4667 = {
			isa = PBXGroup;
			children = (
				D3DF5D182F149F4600B115EF /* NewModel */,
				D3DF5D172F149F2A00B115EF /* NewViewModel */,
				D3DF5D162F149F0600B115EF /* NewService */,
				D3DF5D152F149EFE00B115EF /* view */,
				D378B1F12F0F99EE00CD4667 /* ViewModel */,
				D378B1EE2F0F95C500CD4667 /* Service */,
				D378B1ED2F0F95B300CD4667 /* Models */,
				D378B1E92F0F957A00CD4667 /* Views */,
				D378B1912F0F94B600CD4667 /* test3 */,
				D378B1A22F0F94B700CD4667 /* test3Tests */,
				D378B1AC2F0F94B700CD4667 /* test3UITests */,
				D378B1902F0F94B600CD4667 /* Products */,
				C89EB78A3638CA969C53D2DC /* Pods */,
				BF3EA19EA7257C31A6C6DD95 /* Frameworks */,
				D378B1F92F0FA67000CD4667 /* App 2 */,
			);
			sourceTree = "<group>";
		};
		D378B1902F0F94B600CD4667 /* Products */ = {
			isa = PBXGroup;
			children = (
				D378B18F2F0F94B600CD4667 /* test3.app */,
				D378B19F2F0F94B700CD4667 /* test3Tests.xctest */,
				D378B1A92F0F94B700CD4667 /* test3UITests.xctest */,
			);
			name = Products;
			sourceTree = "<group>";
		};
		D378B1E92F0F957A00CD4667 /* Views */ = {
			isa = PBXGroup;
			children = (
				D375AFED2F10F1530001FFA1 /* ArcticleRowView.swift */,
				D378B1F32F0F9FBB00CD4667 /* ArtcileListView.swift */,
			);
			path = Views;
			sourceTree = "<group>";
		};
		D378B1ED2F0F95B300CD4667 /* Models */ = {
			isa = PBXGroup;
			children = (
				D378B1EF2F0F95CF00CD4667 /* title.swift */,
			);
			path = Models;
			sourceTree = "<group>";
		};
		D378B1EE2F0F95C500CD4667 /* Service */ = {
			isa = PBXGroup;
			children = (
				D378B1F02F0F965200CD4667 /* Article.swift */,
			);
			path = Service;
			sourceTree = "<group>";
		};
		D378B1F12F0F99EE00CD4667 /* ViewModel */ = {
			isa = PBXGroup;
			children = (
				D378B1F22F0F9A1300CD4667 /* ArticleViewModel.swift */,
			);
			path = ViewModel;
			sourceTree = "<group>";
		};
		D378B1F92F0FA67000CD4667 /* App 2 */ = {
			isa = PBXGroup;
			children = (
				D378B1F82F0FA67000CD4667 /* test3App.swift */,
			);
			path = "App 2";
			sourceTree = "<group>";
		};
		D3DF5D152F149EFE00B115EF /* view */ = {
			isa = PBXGroup;
			children = (
				D3DF5D1C2F14A4FA00B115EF /* weatherView.swift */,
			);
			path = view;
			sourceTree = "<group>";
		};
		D3DF5D162F149F0600B115EF /* NewService */ = {
			isa = PBXGroup;
			children = (
				D3ACFC2C2F2C90E6002115C7 /* test.swift */,
				D3DF5D1A2F14A13800B115EF /* WeatherService.swift */,
			);
			path = NewService;
			sourceTree = "<group>";
		};
		D3DF5D172F149F2A00B115EF /* NewViewModel */ = {
			isa = PBXGroup;
			children = (
				D3DF5D1B2F14A35700B115EF /* weather.swift */,
			);
			path = NewViewModel;
			sourceTree = "<group>";
		};
		D3DF5D182F149F4600B115EF /* NewModel */ = {
			isa = PBXGroup;
			children = (
				D3DF5D192F14A0B900B115EF /* weatherLabModel.swift */,
			);
			path = NewModel;
			sourceTree = "<group>";
		};
/* End PBXGroup section */

/* Begin PBXNativeTarget section */
		D378B18E2F0F94B600CD4667 /* test3 */ = {
			isa = PBXNativeTarget;
			buildConfigurationList = D378B1B32F0F94B700CD4667 /* Build configuration list for PBXNativeTarget "test3" */;
			buildPhases = (
				7EF477CE1B0734BDED30D8FB /* [CP] Check Pods Manifest.lock */,
				D378B18B2F0F94B600CD4667 /* Sources */,
				D378B18C2F0F94B600CD4667 /* Frameworks */,
				D378B18D2F0F94B600CD4667 /* Resources */,
			);
			buildRules = (
			);
			dependencies = (
			);
			fileSystemSynchronizedGroups = (
				D378B1912F0F94B600CD4667 /* test3 */,
			);
			name = test3;
			productName = test3;
			productReference = D378B18F2F0F94B600CD4667 /* test3.app */;
			productType = "com.apple.product-type.application";
		};
		D378B19E2F0F94B700CD4667 /* test3Tests */ = {
			isa = PBXNativeTarget;
			buildConfigurationList = D378B1B62F0F94B700CD4667 /* Build configuration list for PBXNativeTarget "test3Tests" */;
			buildPhases = (
				B34D0634297834375D8E90BA /* [CP] Check Pods Manifest.lock */,
				D378B19B2F0F94B700CD4667 /* Sources */,
				D378B19C2F0F94B700CD4667 /* Frameworks */,
				D378B19D2F0F94B700CD4667 /* Resources */,
			);
			buildRules = (
			);
			dependencies = (
				D378B1A12F0F94B700CD4667 /* PBXTargetDependency */,
			);
			fileSystemSynchronizedGroups = (
				D378B1A22F0F94B700CD4667 /* test3Tests */,
			);
			name = test3Tests;
			productName = test3Tests;
			productReference = D378B19F2F0F94B700CD4667 /* test3Tests.xctest */;
			productType = "com.apple.product-type.bundle.unit-test";
		};
		D378B1A82F0F94B700CD4667 /* test3UITests */ = {
			isa = PBXNativeTarget;
			buildConfigurationList = D378B1B92F0F94B700CD4667 /* Build configuration list for PBXNativeTarget "test3UITests" */;
			buildPhases = (
				AF365BFAEE05141175E69C0F /* [CP] Check Pods Manifest.lock */,
				D378B1A52F0F94B700CD4667 /* Sources */,
				D378B1A62F0F94B700CD4667 /* Frameworks */,
				D378B1A72F0F94B700CD4667 /* Resources */,
			);
			buildRules = (
			);
			dependencies = (
				D378B1AB2F0F94B700CD4667 /* PBXTargetDependency */,
			);
			fileSystemSynchronizedGroups = (
				D378B1AC2F0F94B700CD4667 /* test3UITests */,
			);
			name = test3UITests;
			productName = test3UITests;
			productReference = D378B1A92F0F94B700CD4667 /* test3UITests.xctest */;
			productType = "com.apple.product-type.bundle.ui-testing";
		};
/* End PBXNativeTarget section */

/* Begin PBXProject section */
		D378B1872F0F94B600CD4667 /* Project object */ = {
			isa = PBXProject;
			attributes = {
				BuildIndependentTargetsInParallel = 1;
				LastSwiftUpdateCheck = 1620;
				LastUpgradeCheck = 1620;
				TargetAttributes = {
					D378B18E2F0F94B600CD4667 = {
						CreatedOnToolsVersion = 16.2;
					};
					D378B19E2F0F94B700CD4667 = {
						CreatedOnToolsVersion = 16.2;
						TestTargetID = D378B18E2F0F94B600CD4667;
					};
					D378B1A82F0F94B700CD4667 = {
						CreatedOnToolsVersion = 16.2;
						TestTargetID = D378B18E2F0F94B600CD4667;
					};
				};
			};
			buildConfigurationList = D378B18A2F0F94B600CD4667 /* Build configuration list for PBXProject "test3" */;
			developmentRegion = en;
			hasScannedForEncodings = 0;
			knownRegions = (
				en,
				Base,
			);
			mainGroup = D378B1862F0F94B600CD4667;
			minimizedProjectReferenceProxies = 1;
			preferredProjectObjectVersion = 77;
			productRefGroup = D378B1902F0F94B600CD4667 /* Products */;
			projectDirPath = "";
			projectRoot = "";
			targets = (
				D378B18E2F0F94B600CD4667 /* test3 */,
				D378B19E2F0F94B700CD4667 /* test3Tests */,
				D378B1A82F0F94B700CD4667 /* test3UITests */,
			);
		};
/* End PBXProject section */

/* Begin PBXResourcesBuildPhase section */
		D378B18D2F0F94B600CD4667 /* Resources */ = {
			isa = PBXResourcesBuildPhase;
			buildActionMask = 2147483647;
			files = (
			);
			runOnlyForDeploymentPostprocessing = 0;
		};
		D378B19D2F0F94B700CD4667 /* Resources */ = {
			isa = PBXResourcesBuildPhase;
			buildActionMask = 2147483647;
			files = (
			);
			runOnlyForDeploymentPostprocessing = 0;
		};
		D378B1A72F0F94B700CD4667 /* Resources */ = {
			isa = PBXResourcesBuildPhase;
			buildActionMask = 2147483647;
			files = (
			);
			runOnlyForDeploymentPostprocessing = 0;
		};
/* End PBXResourcesBuildPhase section */

/* Begin PBXShellScriptBuildPhase section */
		7EF477CE1B0734BDED30D8FB /* [CP] Check Pods Manifest.lock */ = {
			isa = PBXShellScriptBuildPhase;
			buildActionMask = 2147483647;
			files = (
			);
			inputFileListPaths = (
			);
			inputPaths = (
				"${PODS_PODFILE_DIR_PATH}/Podfile.lock",
				"${PODS_ROOT}/Manifest.lock",
			);
			name = "[CP] Check Pods Manifest.lock";
			outputFileListPaths = (
			);
			outputPaths = (
				"$(DERIVED_FILE_DIR)/Pods-test3-checkManifestLockResult.txt",
			);
			runOnlyForDeploymentPostprocessing = 0;
			shellPath = /bin/sh;
			shellScript = "diff \"${PODS_PODFILE_DIR_PATH}/Podfile.lock\" \"${PODS_ROOT}/Manifest.lock\" > /dev/null\nif [ $? != 0 ] ; then\n    # print error to STDERR\n    echo \"error: The sandbox is not in sync with the Podfile.lock. Run 'pod install' or update your CocoaPods installation.\" >&2\n    exit 1\nfi\n# This output is used by Xcode 'outputs' to avoid re-running this script phase.\necho \"SUCCESS\" > \"${SCRIPT_OUTPUT_FILE_0}\"\n";
			showEnvVarsInLog = 0;
		};
		AF365BFAEE05141175E69C0F /* [CP] Check Pods Manifest.lock */ = {
			isa = PBXShellScriptBuildPhase;
			buildActionMask = 2147483647;
			files = (
			);
			inputFileListPaths = (
			);
			inputPaths = (
				"${PODS_PODFILE_DIR_PATH}/Podfile.lock",
				"${PODS_ROOT}/Manifest.lock",
			);
			name = "[CP] Check Pods Manifest.lock";
			outputFileListPaths = (
			);
			outputPaths = (
				"$(DERIVED_FILE_DIR)/Pods-test3-test3UITests-checkManifestLockResult.txt",
			);
			runOnlyForDeploymentPostprocessing = 0;
			shellPath = /bin/sh;
			shellScript = "diff \"${PODS_PODFILE_DIR_PATH}/Podfile.lock\" \"${PODS_ROOT}/Manifest.lock\" > /dev/null\nif [ $? != 0 ] ; then\n    # print error to STDERR\n    echo \"error: The sandbox is not in sync with the Podfile.lock. Run 'pod install' or update your CocoaPods installation.\" >&2\n    exit 1\nfi\n# This output is used by Xcode 'outputs' to avoid re-running this script phase.\necho \"SUCCESS\" > \"${SCRIPT_OUTPUT_FILE_0}\"\n";
			showEnvVarsInLog = 0;
		};
		B34D0634297834375D8E90BA /* [CP] Check Pods Manifest.lock */ = {
			isa = PBXShellScriptBuildPhase;
			buildActionMask = 2147483647;
			files = (
			);
			inputFileListPaths = (
			);
			inputPaths = (
				"${PODS_PODFILE_DIR_PATH}/Podfile.lock",
				"${PODS_ROOT}/Manifest.lock",
			);
			name = "[CP] Check Pods Manifest.lock";
			outputFileListPaths = (
			);
			outputPaths = (
				"$(DERIVED_FILE_DIR)/Pods-test3Tests-checkManifestLockResult.txt",
			);
			runOnlyForDeploymentPostprocessing = 0;
			shellPath = /bin/sh;
			shellScript = "diff \"${PODS_PODFILE_DIR_PATH}/Podfile.lock\" \"${PODS_ROOT}/Manifest.lock\" > /dev/null\nif [ $? != 0 ] ; then\n    # print error to STDERR\n    echo \"error: The sandbox is not in sync with the Podfile.lock. Run 'pod install' or update your CocoaPods installation.\" >&2\n    exit 1\nfi\n# This output is used by Xcode 'outputs' to avoid re-running this script phase.\necho \"SUCCESS\" > \"${SCRIPT_OUTPUT_FILE_0}\"\n";
			showEnvVarsInLog = 0;
		};
/* End PBXShellScriptBuildPhase section */

/* Begin PBXSourcesBuildPhase section */
		D378B18B2F0F94B600CD4667 /* Sources */ = {
			isa = PBXSourcesBuildPhase;
			buildActionMask = 2147483647;
			files = (
				D3DF5D1F2F14A8DA00B115EF /* weather.swift in Sources */,
				D3ACFC2D2F2C90E9002115C7 /* test.swift in Sources */,
				D378B1F52F0FA3F000CD4667 /* title.swift in Sources */,
				D3DF5D1E2F14A8D400B115EF /* WeatherService.swift in Sources */,
				D375AFEE2F10F1620001FFA1 /* ArcticleRowView.swift in Sources */,
				D378B1F42F0FA3DE00CD4667 /* ArtcileListView.swift in Sources */,
				D378B1F72F0FA3FE00CD4667 /* ArticleViewModel.swift in Sources */,
				D378B1F62F0FA3F800CD4667 /* Article.swift in Sources */,
				D378B1FA2F0FA67000CD4667 /* test3App.swift in Sources */,
				D3DF5D1D2F14A8CB00B115EF /* weatherView.swift in Sources */,
				D3DF5D202F14A8E000B115EF /* weatherLabModel.swift in Sources */,
			);
			runOnlyForDeploymentPostprocessing = 0;
		};
		D378B19B2F0F94B700CD4667 /* Sources */ = {
			isa = PBXSourcesBuildPhase;
			buildActionMask = 2147483647;
			files = (
			);
			runOnlyForDeploymentPostprocessing = 0;
		};
		D378B1A52F0F94B700CD4667 /* Sources */ = {
			isa = PBXSourcesBuildPhase;
			buildActionMask = 2147483647;
			files = (
			);
			runOnlyForDeploymentPostprocessing = 0;
		};
/* End PBXSourcesBuildPhase section */

/* Begin PBXTargetDependency section */
		D378B1A12F0F94B700CD4667 /* PBXTargetDependency */ = {
			isa = PBXTargetDependency;
			target = D378B18E2F0F94B600CD4667 /* test3 */;
			targetProxy = D378B1A02F0F94B700CD4667 /* PBXContainerItemProxy */;
		};
		D378B1AB2F0F94B700CD4667 /* PBXTargetDependency */ = {
			isa = PBXTargetDependency;
			target = D378B18E2F0F94B600CD4667 /* test3 */;
			targetProxy = D378B1AA2F0F94B700CD4667 /* PBXContainerItemProxy */;
		};
/* End PBXTargetDependency section */

/* Begin XCBuildConfiguration section */
		D378B1B12F0F94B700CD4667 /* Debug */ = {
			isa = XCBuildConfiguration;
			buildSettings = {
				ALWAYS_SEARCH_USER_PATHS = NO;
				ASSETCATALOG_COMPILER_GENERATE_SWIFT_ASSET_SYMBOL_EXTENSIONS = YES;
				CLANG_ANALYZER_NONNULL = YES;
				CLANG_ANALYZER_NUMBER_OBJECT_CONVERSION = YES_AGGRESSIVE;
				CLANG_CXX_LANGUAGE_STANDARD = "gnu++20";
				CLANG_ENABLE_MODULES = YES;
				CLANG_ENABLE_OBJC_ARC = YES;
				CLANG_ENABLE_OBJC_WEAK = YES;
				CLANG_WARN_BLOCK_CAPTURE_AUTORELEASING = YES;
				CLANG_WARN_BOOL_CONVERSION = YES;
				CLANG_WARN_COMMA = YES;
				CLANG_WARN_CONSTANT_CONVERSION = YES;
				CLANG_WARN_DEPRECATED_OBJC_IMPLEMENTATIONS = YES;
				CLANG_WARN_DIRECT_OBJC_ISA_USAGE = YES_ERROR;
				CLANG_WARN_DOCUMENTATION_COMMENTS = YES;
				CLANG_WARN_EMPTY_BODY = YES;
				CLANG_WARN_ENUM_CONVERSION = YES;
				CLANG_WARN_INFINITE_RECURSION = YES;
				CLANG_WARN_INT_CONVERSION = YES;
				CLANG_WARN_NON_LITERAL_NULL_CONVERSION = YES;
				CLANG_WARN_OBJC_IMPLICIT_RETAIN_SELF = YES;
				CLANG_WARN_OBJC_LITERAL_CONVERSION = YES;
				CLANG_WARN_OBJC_ROOT_CLASS = YES_ERROR;
				CLANG_WARN_QUOTED_INCLUDE_IN_FRAMEWORK_HEADER = YES;
				CLANG_WARN_RANGE_LOOP_ANALYSIS = YES;
				CLANG_WARN_STRICT_PROTOTYPES = YES;
				CLANG_WARN_SUSPICIOUS_MOVE = YES;
				CLANG_WARN_UNGUARDED_AVAILABILITY = YES_AGGRESSIVE;
				CLANG_WARN_UNREACHABLE_CODE = YES;
				CLANG_WARN__DUPLICATE_METHOD_MATCH = YES;
				COPY_PHASE_STRIP = NO;
				DEBUG_INFORMATION_FORMAT = dwarf;
				ENABLE_STRICT_OBJC_MSGSEND = YES;
				ENABLE_TESTABILITY = YES;
				ENABLE_USER_SCRIPT_SANDBOXING = YES;
				GCC_C_LANGUAGE_STANDARD = gnu17;
				GCC_DYNAMIC_NO_PIC = NO;
				GCC_NO_COMMON_BLOCKS = YES;
				GCC_OPTIMIZATION_LEVEL = 0;
				GCC_PREPROCESSOR_DEFINITIONS = (
					"DEBUG=1",
					"$(inherited)",
				);
				GCC_WARN_64_TO_32_BIT_CONVERSION = YES;
				GCC_WARN_ABOUT_RETURN_TYPE = YES_ERROR;
				GCC_WARN_UNDECLARED_SELECTOR = YES;
				GCC_WARN_UNINITIALIZED_AUTOS = YES_AGGRESSIVE;
				GCC_WARN_UNUSED_FUNCTION = YES;
				GCC_WARN_UNUSED_VARIABLE = YES;
				IPHONEOS_DEPLOYMENT_TARGET = 18.2;
				LOCALIZATION_PREFERS_STRING_CATALOGS = YES;
				MTL_ENABLE_DEBUG_INFO = INCLUDE_SOURCE;
				MTL_FAST_MATH = YES;
				ONLY_ACTIVE_ARCH = YES;
				SDKROOT = iphoneos;
				SWIFT_ACTIVE_COMPILATION_CONDITIONS = "DEBUG $(inherited)";
				SWIFT_OPTIMIZATION_LEVEL = "-Onone";
			};
			name = Debug;
		};
		D378B1B22F0F94B700CD4667 /* Release */ = {
			isa = XCBuildConfiguration;
			buildSettings = {
				ALWAYS_SEARCH_USER_PATHS = NO;
				ASSETCATALOG_COMPILER_GENERATE_SWIFT_ASSET_SYMBOL_EXTENSIONS = YES;
				CLANG_ANALYZER_NONNULL = YES;
				CLANG_ANALYZER_NUMBER_OBJECT_CONVERSION = YES_AGGRESSIVE;
				CLANG_CXX_LANGUAGE_STANDARD = "gnu++20";
				CLANG_ENABLE_MODULES = YES;
				CLANG_ENABLE_OBJC_ARC = YES;
				CLANG_ENABLE_OBJC_WEAK = YES;
				CLANG_WARN_BLOCK_CAPTURE_AUTORELEASING = YES;
				CLANG_WARN_BOOL_CONVERSION = YES;
				CLANG_WARN_COMMA = YES;
				CLANG_WARN_CONSTANT_CONVERSION = YES;
				CLANG_WARN_DEPRECATED_OBJC_IMPLEMENTATIONS = YES;
				CLANG_WARN_DIRECT_OBJC_ISA_USAGE = YES_ERROR;
				CLANG_WARN_DOCUMENTATION_COMMENTS = YES;
				CLANG_WARN_EMPTY_BODY = YES;
				CLANG_WARN_ENUM_CONVERSION = YES;
				CLANG_WARN_INFINITE_RECURSION = YES;
				CLANG_WARN_INT_CONVERSION = YES;
				CLANG_WARN_NON_LITERAL_NULL_CONVERSION = YES;
				CLANG_WARN_OBJC_IMPLICIT_RETAIN_SELF = YES;
				CLANG_WARN_OBJC_LITERAL_CONVERSION = YES;
				CLANG_WARN_OBJC_ROOT_CLASS = YES_ERROR;
				CLANG_WARN_QUOTED_INCLUDE_IN_FRAMEWORK_HEADER = YES;
				CLANG_WARN_RANGE_LOOP_ANALYSIS = YES;
				CLANG_WARN_STRICT_PROTOTYPES = YES;
				CLANG_WARN_SUSPICIOUS_MOVE = YES;
				CLANG_WARN_UNGUARDED_AVAILABILITY = YES_AGGRESSIVE;
				CLANG_WARN_UNREACHABLE_CODE = YES;
				CLANG_WARN__DUPLICATE_METHOD_MATCH = YES;
				COPY_PHASE_STRIP = NO;
				DEBUG_INFORMATION_FORMAT = "dwarf-with-dsym";
				ENABLE_NS_ASSERTIONS = NO;
				ENABLE_STRICT_OBJC_MSGSEND = YES;
				ENABLE_USER_SCRIPT_SANDBOXING = YES;
				GCC_C_LANGUAGE_STANDARD = gnu17;
				GCC_NO_COMMON_BLOCKS = YES;
				GCC_WARN_64_TO_32_BIT_CONVERSION = YES;
				GCC_WARN_ABOUT_RETURN_TYPE = YES_ERROR;
				GCC_WARN_UNDECLARED_SELECTOR = YES;
				GCC_WARN_UNINITIALIZED_AUTOS = YES_AGGRESSIVE;
				GCC_WARN_UNUSED_FUNCTION = YES;
				GCC_WARN_UNUSED_VARIABLE = YES;
				IPHONEOS_DEPLOYMENT_TARGET = 18.2;
				LOCALIZATION_PREFERS_STRING_CATALOGS = YES;
				MTL_ENABLE_DEBUG_INFO = NO;
				MTL_FAST_MATH = YES;
				SDKROOT = iphoneos;
				SWIFT_COMPILATION_MODE = wholemodule;
				VALIDATE_PRODUCT = YES;
			};
			name = Release;
		};
		D378B1B42F0F94B700CD4667 /* Debug */ = {
			isa = XCBuildConfiguration;
			baseConfigurationReference = 37B0D8767B5557292DF25FCA /* Pods-test3.debug.xcconfig */;
			buildSettings = {
				ASSETCATALOG_COMPILER_APPICON_NAME = AppIcon;
				ASSETCATALOG_COMPILER_GLOBAL_ACCENT_COLOR_NAME = AccentColor;
				CODE_SIGN_STYLE = Automatic;
				CURRENT_PROJECT_VERSION = 1;
				DEVELOPMENT_ASSET_PATHS = "\"test3/Preview Content\"";
				ENABLE_PREVIEWS = YES;
				GENERATE_INFOPLIST_FILE = YES;
				INFOPLIST_KEY_UIApplicationSceneManifest_Generation = YES;
				INFOPLIST_KEY_UIApplicationSupportsIndirectInputEvents = YES;
				INFOPLIST_KEY_UILaunchScreen_Generation = YES;
				INFOPLIST_KEY_UISupportedInterfaceOrientations_iPad = "UIInterfaceOrientationPortrait UIInterfaceOrientationPortraitUpsideDown UIInterfaceOrientationLandscapeLeft UIInterfaceOrientationLandscapeRight";
				INFOPLIST_KEY_UISupportedInterfaceOrientations_iPhone = "UIInterfaceOrientationPortrait UIInterfaceOrientationLandscapeLeft UIInterfaceOrientationLandscapeRight";
				LD_RUNPATH_SEARCH_PATHS = (
					"$(inherited)",
					"@executable_path/Frameworks",
				);
				MARKETING_VERSION = 1.0;
				PRODUCT_BUNDLE_IDENTIFIER = com.kuaikan.test3;
				PRODUCT_NAME = "$(TARGET_NAME)";
				SWIFT_EMIT_LOC_STRINGS = YES;
				SWIFT_VERSION = 5.0;
				TARGETED_DEVICE_FAMILY = "1,2";
			};
			name = Debug;
		};
		D378B1B52F0F94B700CD4667 /* Release */ = {
			isa = XCBuildConfiguration;
			baseConfigurationReference = B6F2E2A3610E42F3CA235C82 /* Pods-test3.release.xcconfig */;
			buildSettings = {
				ASSETCATALOG_COMPILER_APPICON_NAME = AppIcon;
				ASSETCATALOG_COMPILER_GLOBAL_ACCENT_COLOR_NAME = AccentColor;
				CODE_SIGN_STYLE = Automatic;
				CURRENT_PROJECT_VERSION = 1;
				DEVELOPMENT_ASSET_PATHS = "\"test3/Preview Content\"";
				ENABLE_PREVIEWS = YES;
				GENERATE_INFOPLIST_FILE = YES;
				INFOPLIST_KEY_UIApplicationSceneManifest_Generation = YES;
				INFOPLIST_KEY_UIApplicationSupportsIndirectInputEvents = YES;
				INFOPLIST_KEY_UILaunchScreen_Generation = YES;
				INFOPLIST_KEY_UISupportedInterfaceOrientations_iPad = "UIInterfaceOrientationPortrait UIInterfaceOrientationPortraitUpsideDown UIInterfaceOrientationLandscapeLeft UIInterfaceOrientationLandscapeRight";
				INFOPLIST_KEY_UISupportedInterfaceOrientations_iPhone = "UIInterfaceOrientationPortrait UIInterfaceOrientationLandscapeLeft UIInterfaceOrientationLandscapeRight";
				LD_RUNPATH_SEARCH_PATHS = (
					"$(inherited)",
					"@executable_path/Frameworks",
				);
				MARKETING_VERSION = 1.0;
				PRODUCT_BUNDLE_IDENTIFIER = com.kuaikan.test3;
				PRODUCT_NAME = "$(TARGET_NAME)";
				SWIFT_EMIT_LOC_STRINGS = YES;
				SWIFT_VERSION = 5.0;
				TARGETED_DEVICE_FAMILY = "1,2";
			};
			name = Release;
		};
		D378B1B72F0F94B700CD4667 /* Debug */ = {
			isa = XCBuildConfiguration;
			baseConfigurationReference = BD0181FB1F1E5411CFB6CDA0 /* Pods-test3Tests.debug.xcconfig */;
			buildSettings = {
				BUNDLE_LOADER = "$(TEST_HOST)";
				CODE_SIGN_STYLE = Automatic;
				CURRENT_PROJECT_VERSION = 1;
				GENERATE_INFOPLIST_FILE = YES;
				IPHONEOS_DEPLOYMENT_TARGET = 18.2;
				MARKETING_VERSION = 1.0;
				PRODUCT_BUNDLE_IDENTIFIER = com.kuaikan.test3Tests;
				PRODUCT_NAME = "$(TARGET_NAME)";
				SWIFT_EMIT_LOC_STRINGS = NO;
				SWIFT_VERSION = 5.0;
				TARGETED_DEVICE_FAMILY = "1,2";
				TEST_HOST = "$(BUILT_PRODUCTS_DIR)/test3.app/$(BUNDLE_EXECUTABLE_FOLDER_PATH)/test3";
			};
			name = Debug;
		};
		D378B1B82F0F94B700CD4667 /* Release */ = {
			isa = XCBuildConfiguration;
			baseConfigurationReference = D0A257443CB5D227916300AD /* Pods-test3Tests.release.xcconfig */;
			buildSettings = {
				BUNDLE_LOADER = "$(TEST_HOST)";
				CODE_SIGN_STYLE = Automatic;
				CURRENT_PROJECT_VERSION = 1;
				GENERATE_INFOPLIST_FILE = YES;
				IPHONEOS_DEPLOYMENT_TARGET = 18.2;
				MARKETING_VERSION = 1.0;
				PRODUCT_BUNDLE_IDENTIFIER = com.kuaikan.test3Tests;
				PRODUCT_NAME = "$(TARGET_NAME)";
				SWIFT_EMIT_LOC_STRINGS = NO;
				SWIFT_VERSION = 5.0;
				TARGETED_DEVICE_FAMILY = "1,2";
				TEST_HOST = "$(BUILT_PRODUCTS_DIR)/test3.app/$(BUNDLE_EXECUTABLE_FOLDER_PATH)/test3";
			};
			name = Release;
		};
		D378B1BA2F0F94B700CD4667 /* Debug */ = {
			isa = XCBuildConfiguration;
			baseConfigurationReference = 98C3C81A6921763F541BB0AF /* Pods-test3-test3UITests.debug.xcconfig */;
			buildSettings = {
				CODE_SIGN_STYLE = Automatic;
				CURRENT_PROJECT_VERSION = 1;
				GENERATE_INFOPLIST_FILE = YES;
				MARKETING_VERSION = 1.0;
				PRODUCT_BUNDLE_IDENTIFIER = com.kuaikan.test3UITests;
				PRODUCT_NAME = "$(TARGET_NAME)";
				SWIFT_EMIT_LOC_STRINGS = NO;
				SWIFT_VERSION = 5.0;
				TARGETED_DEVICE_FAMILY = "1,2";
				TEST_TARGET_NAME = test3;
			};
			name = Debug;
		};
		D378B1BB2F0F94B700CD4667 /* Release */ = {
			isa = XCBuildConfiguration;
			baseConfigurationReference = 972875EA6C156E4FFAAF64BD /* Pods-test3-test3UITests.release.xcconfig */;
			buildSettings = {
				CODE_SIGN_STYLE = Automatic;
				CURRENT_PROJECT_VERSION = 1;
				GENERATE_INFOPLIST_FILE = YES;
				MARKETING_VERSION = 1.0;
				PRODUCT_BUNDLE_IDENTIFIER = com.kuaikan.test3UITests;
				PRODUCT_NAME = "$(TARGET_NAME)";
				SWIFT_EMIT_LOC_STRINGS = NO;
				SWIFT_VERSION = 5.0;
				TARGETED_DEVICE_FAMILY = "1,2";
				TEST_TARGET_NAME = test3;
			};
			name = Release;
		};
/* End XCBuildConfiguration section */

/* Begin XCConfigurationList section */
		D378B18A2F0F94B600CD4667 /* Build configuration list for PBXProject "test3" */ = {
			isa = XCConfigurationList;
			buildConfigurations = (
				D378B1B12F0F94B700CD4667 /* Debug */,
				D378B1B22F0F94B700CD4667 /* Release */,
			);
			defaultConfigurationIsVisible = 0;
			defaultConfigurationName = Release;
		};
		D378B1B32F0F94B700CD4667 /* Build configuration list for PBXNativeTarget "test3" */ = {
			isa = XCConfigurationList;
			buildConfigurations = (
				D378B1B42F0F94B700CD4667 /* Debug */,
				D378B1B52F0F94B700CD4667 /* Release */,
			);
			defaultConfigurationIsVisible = 0;
			defaultConfigurationName = Release;
		};
		D378B1B62F0F94B700CD4667 /* Build configuration list for PBXNativeTarget "test3Tests" */ = {
			isa = XCConfigurationList;
			buildConfigurations = (
				D378B1B72F0F94B700CD4667 /* Debug */,
				D378B1B82F0F94B700CD4667 /* Release */,
			);
			defaultConfigurationIsVisible = 0;
			defaultConfigurationName = Release;
		};
		D378B1B92F0F94B700CD4667 /* Build configuration list for PBXNativeTarget "test3UITests" */ = {
			isa = XCConfigurationList;
			buildConfigurations = (
				D378B1BA2F0F94B700CD4667 /* Debug */,
				D378B1BB2F0F94B700CD4667 /* Release */,
			);
			defaultConfigurationIsVisible = 0;
			defaultConfigurationName = Release;
		};
/* End XCConfigurationList section */
	};
	rootObject = D378B1872F0F94B600CD4667 /* Project object */;
}
